
Microsoft Visual Studio Solution File, Format Version 12.00
# Visual Studio Version 17
VisualStudioVersion = 17.1.32228.430
MinimumVisualStudioVersion = 10.0.40219.1
Project("{8BC9CEB8-8B4A-11D0-8D11-00A0C91BC942}") = "Project2.1", "Project2.1\Project2.1.vcxproj", "{BFCFB133-16A1-4F8E-9061-B449854CBEE6}"
EndProject
Project("{8BC9CEB8-8B4A-11D0-8D11-00A0C91BC942}") = "UnitTest1", "UnitTest1\UnitTest1.vcxproj", "{F7C73F6F-D298-48DF-BAED-D9FF7EBFF347}"
EndProject
Global
	GlobalSection(SolutionConfigurationPlatforms) = preSolution
		Debug|x64 = Debug|x64
		Debug|x86 = Debug|x86
		Release|x64 = Release|x64
		Release|x86 = Release|x86
	EndGlobalSection
	GlobalSection(ProjectConfigurationPlatforms) = postSolution
		{BFCFB133-16A1-4F8E-9061-B449854CBEE6}.Debug|x64.ActiveCfg = Debug|x64
		{BFCFB133-16A1-4F8E-9061-B449854CBEE6}.Debug|x64.Build.0 = Debug|x64
		{BFCFB133-16A1-4F8E-9061-B449854CBEE6}.Debug|x86.ActiveCfg = Debug|Win32
		{BFCFB133-16A1-4F8E-9061-B449854CBEE6}.Debug|x86.Build.0 = Debug|Win32
		{BFCFB133-16A1-4F8E-9061-B449854CBEE6}.Release|x64.ActiveCfg = Release|x64
		{BFCFB133-16A1-4F8E-9061-B449854CBEE6}.Release|x64.Build.0 = Release|x64
		{BFCFB133-16A1-4F8E-9061-B449854CBEE6}.Release|x86.ActiveCfg = Release|Win32
		{BFCFB133-16A1-4F8E-9061-B449854CBEE6}.Release|x86.Build.0 = Release|Win32
		{F7C73F6F-D298-48DF-BAED-D9FF7EBFF347}.Debug|x64.ActiveCfg = Debug|x64
		{F7C73F6F-D298-48DF-BAED-D9FF7EBFF347}.Debug|x64.Build.0 = Debug|x64
		{F7C73F6F-D298-48DF-BAED-D9FF7EBFF347}.Debug|x86.ActiveCfg = Debug|Win32
		{F7C73F6F-D298-48DF-BAED-D9FF7EBFF347}.Debug|x86.Build.0 = Debug|Win32
		{F7C73F6F-D298-48DF-BAED-D9FF7EBFF347}.Release|x64.ActiveCfg = Release|x64
		{F7C73F6F-D298-48DF-BAED-D9FF7EBFF347}.Release|x64.Build.0 = Release|x64
		{F7C73F6F-D298-48DF-BAED-D9FF7EBFF347}.Release|x86.ActiveCfg = Release|Win32
		{F7C73F6F-D298-48DF-BAED-D9FF7EBFF347}.Release|x86.Build.0 = Release|Win32
	EndGlobalSection
	GlobalSection(SolutionProperties) = preSolution
		HideSolutionNode = FALSE
	EndGlobalSection
	GlobalSection(ExtensibilityGlobals) = postSolution
		SolutionGuid = {A3F06F42-F895-4E43-973C-EE3B392791F6}
	EndGlobalSection
EndGlobal
